
Microsoft Visual Studio Solution File, Format Version 12.00
# Visual Studio Version 16
VisualStudioVersion = 16.0.30002.166
MinimumVisualStudioVersion = 10.0.40219.1
Project("{8BC9CEB8-8B4A-11D0-8D11-00A0C91BC942}") = "JuegoDamas", "JuegoDamas.vcxproj", "{CE8DB912-E6F1-499C-9EA0-5F1F14D8FDEB}"
EndProject
Global
	GlobalSection(SolutionConfigurationPlatforms) = preSolution
		Debug|x64 = Debug|x64
		Debug|x86 = Debug|x86
		Release|x64 = Release|x64
		Release|x86 = Release|x86
	EndGlobalSection
	GlobalSection(ProjectConfigurationPlatforms) = postSolution
		{CE8DB912-E6F1-499C-9EA0-5F1F14D8FDEB}.Debug|x64.ActiveCfg = Debug|x64
		{CE8DB912-E6F1-499C-9EA0-5F1F14D8FDEB}.Debug|x64.Build.0 = Debug|x64
		{CE8DB912-E6F1-499C-9EA0-5F1F14D8FDEB}.Debug|x86.ActiveCfg = Debug|Win32
		{CE8DB912-E6F1-499C-9EA0-5F1F14D8FDEB}.Debug|x86.Build.0 = Debug|Win32
		{CE8DB912-E6F1-499C-9EA0-5F1F14D8FDEB}.Release|x64.ActiveCfg = Release|x64
		{CE8DB912-E6F1-499C-9EA0-5F1F14D8FDEB}.Release|x64.Build.0 = Release|x64
		{CE8DB912-E6F1-499C-9EA0-5F1F14D8FDEB}.Release|x86.ActiveCfg = Release|Win32
		{CE8DB912-E6F1-499C-9EA0-5F1F14D8FDEB}.Release|x86.Build.0 = Release|Win32
	EndGlobalSection
	GlobalSection(SolutionProperties) = preSolution
		HideSolutionNode = FALSE
	EndGlobalSection
	GlobalSection(ExtensibilityGlobals) = postSolution
		SolutionGuid = {FCA1CD7D-8248-4686-AA67-EAD05C4B5850}
	EndGlobalSection
EndGlobal
